
Microsoft Visual Studio Solution File, Format Version 12.00
# Visual Studio Version 17
VisualStudioVersion = 17.8.34330.188
MinimumVisualStudioVersion = 10.0.40219.1
Project("{FAE04EC0-301F-11D3-BF4B-00C04F79EFBC}") = "EuronewsBDD", "EuronewsBDD\EuronewsBDD.csproj", "{3119481A-26FF-48CC-AA65-47DBBAA7072F}"
EndProject
Global
	GlobalSection(SolutionConfigurationPlatforms) = preSolution
		Debug|Any CPU = Debug|Any CPU
		Release|Any CPU = Release|Any CPU
	EndGlobalSection
	GlobalSection(ProjectConfigurationPlatforms) = postSolution
		{3119481A-26FF-48CC-AA65-47DBBAA7072F}.Debug|Any CPU.ActiveCfg = Debug|Any CPU
		{3119481A-26FF-48CC-AA65-47DBBAA7072F}.Debug|Any CPU.Build.0 = Debug|Any CPU
		{3119481A-26FF-48CC-AA65-47DBBAA7072F}.Release|Any CPU.ActiveCfg = Release|Any CPU
		{3119481A-26FF-48CC-AA65-47DBBAA7072F}.Release|Any CPU.Build.0 = Release|Any CPU
	EndGlobalSection
	GlobalSection(SolutionProperties) = preSolution
		HideSolutionNode = FALSE
	EndGlobalSection
	GlobalSection(ExtensibilityGlobals) = postSolution
		SolutionGuid = {61092F20-EB82-4CD1-BD3F-155834446ACE}
	EndGlobalSection
EndGlobal
